
Microsoft Visual Studio Solution File, Format Version 12.00
# Visual Studio Version 16
VisualStudioVersion = 16.0.31321.278
MinimumVisualStudioVersion = 10.0.40219.1
Project("{FAE04EC0-301F-11D3-BF4B-00C04F79EFBC}") = "Lab03", "Lab03\Lab03.csproj", "{D6081CDC-3BBE-46FA-8247-F73E02AA8979}"
EndProject
Project("{FAE04EC0-301F-11D3-BF4B-00C04F79EFBC}") = "WpfSemana04", "WpfSemana04\WpfSemana04.csproj", "{8E3BD028-901C-44A6-9324-0F2BCFB5BF9C}"
EndProject
Global
	GlobalSection(SolutionConfigurationPlatforms) = preSolution
		Debug|Any CPU = Debug|Any CPU
		Release|Any CPU = Release|Any CPU
	EndGlobalSection
	GlobalSection(ProjectConfigurationPlatforms) = postSolution
		{D6081CDC-3BBE-46FA-8247-F73E02AA8979}.Debug|Any CPU.ActiveCfg = Debug|Any CPU
		{D6081CDC-3BBE-46FA-8247-F73E02AA8979}.Debug|Any CPU.Build.0 = Debug|Any CPU
		{D6081CDC-3BBE-46FA-8247-F73E02AA8979}.Release|Any CPU.ActiveCfg = Release|Any CPU
		{D6081CDC-3BBE-46FA-8247-F73E02AA8979}.Release|Any CPU.Build.0 = Release|Any CPU
		{8E3BD028-901C-44A6-9324-0F2BCFB5BF9C}.Debug|Any CPU.ActiveCfg = Debug|Any CPU
		{8E3BD028-901C-44A6-9324-0F2BCFB5BF9C}.Debug|Any CPU.Build.0 = Debug|Any CPU
		{8E3BD028-901C-44A6-9324-0F2BCFB5BF9C}.Release|Any CPU.ActiveCfg = Release|Any CPU
		{8E3BD028-901C-44A6-9324-0F2BCFB5BF9C}.Release|Any CPU.Build.0 = Release|Any CPU
	EndGlobalSection
	GlobalSection(SolutionProperties) = preSolution
		HideSolutionNode = FALSE
	EndGlobalSection
	GlobalSection(ExtensibilityGlobals) = postSolution
		SolutionGuid = {22FC1CE8-E7AE-45A5-956B-27B1AEF3527D}
	EndGlobalSection
EndGlobal
